
Microsoft Visual Studio Solution File, Format Version 12.00
# Visual Studio 15
VisualStudioVersion = 15.0.27130.2010
MinimumVisualStudioVersion = 10.0.40219.1
Project("{FAE04EC0-301F-11D3-BF4B-00C04F79EFBC}") = "Prototype", "Prototype\Prototype.csproj", "{EE5BCD46-AE0F-4EE3-BF10-F90C1F836955}"
EndProject
Global
	GlobalSection(SolutionConfigurationPlatforms) = preSolution
		Debug|Any CPU = Debug|Any CPU
		Release|Any CPU = Release|Any CPU
	EndGlobalSection
	GlobalSection(ProjectConfigurationPlatforms) = postSolution
		{EE5BCD46-AE0F-4EE3-BF10-F90C1F836955}.Debug|Any CPU.ActiveCfg = Debug|Any CPU
		{EE5BCD46-AE0F-4EE3-BF10-F90C1F836955}.Debug|Any CPU.Build.0 = Debug|Any CPU
		{EE5BCD46-AE0F-4EE3-BF10-F90C1F836955}.Release|Any CPU.ActiveCfg = Release|Any CPU
		{EE5BCD46-AE0F-4EE3-BF10-F90C1F836955}.Release|Any CPU.Build.0 = Release|Any CPU
	EndGlobalSection
	GlobalSection(SolutionProperties) = preSolution
		HideSolutionNode = FALSE
	EndGlobalSection
	GlobalSection(ExtensibilityGlobals) = postSolution
		SolutionGuid = {6904C449-8404-4A17-A8D5-F1E205184C82}
	EndGlobalSection
EndGlobal
